
Microsoft Visual Studio Solution File, Format Version 12.00
# Visual Studio 15
VisualStudioVersion = 15.0.28307.421
MinimumVisualStudioVersion = 10.0.40219.1
Project("{FAE04EC0-301F-11D3-BF4B-00C04F79EFBC}") = "Rajita", "WasfaProgram\Rajita.csproj", "{3581D508-1701-453D-AB66-E3B3B127A55B}"
EndProject
Project("{2150E333-8FDC-42A3-9474-1A3956D46DE8}") = "Solution Items", "Solution Items", "{30150C79-801C-49B4-A2CA-6807B78C5787}"
EndProject
Global
	GlobalSection(SolutionConfigurationPlatforms) = preSolution
		Debug|Any CPU = Debug|Any CPU
		Release|Any CPU = Release|Any CPU
	EndGlobalSection
	GlobalSection(ProjectConfigurationPlatforms) = postSolution
		{3581D508-1701-453D-AB66-E3B3B127A55B}.Debug|Any CPU.ActiveCfg = Debug|Any CPU
		{3581D508-1701-453D-AB66-E3B3B127A55B}.Debug|Any CPU.Build.0 = Debug|Any CPU
		{3581D508-1701-453D-AB66-E3B3B127A55B}.Release|Any CPU.ActiveCfg = Release|Any CPU
		{3581D508-1701-453D-AB66-E3B3B127A55B}.Release|Any CPU.Build.0 = Release|Any CPU
	EndGlobalSection
	GlobalSection(SolutionProperties) = preSolution
		HideSolutionNode = FALSE
	EndGlobalSection
	GlobalSection(ExtensibilityGlobals) = postSolution
		SolutionGuid = {CA8D95D7-4772-45F8-94C9-E8613DA63A0E}
	EndGlobalSection
EndGlobal
